
Microsoft Visual Studio Solution File, Format Version 12.00
# Visual Studio Version 16
VisualStudioVersion = 16.0.29911.84
MinimumVisualStudioVersion = 10.0.40219.1
Project("{FAE04EC0-301F-11D3-BF4B-00C04F79EFBC}") = "Ndp Projesi 1", "Ndp Projesi 1.csproj", "{A6C1CEC7-1E11-4387-BAD6-510C3D509D1A}"
EndProject
Global
	GlobalSection(SolutionConfigurationPlatforms) = preSolution
		Debug|Any CPU = Debug|Any CPU
		Release|Any CPU = Release|Any CPU
	EndGlobalSection
	GlobalSection(ProjectConfigurationPlatforms) = postSolution
		{A6C1CEC7-1E11-4387-BAD6-510C3D509D1A}.Debug|Any CPU.ActiveCfg = Debug|Any CPU
		{A6C1CEC7-1E11-4387-BAD6-510C3D509D1A}.Debug|Any CPU.Build.0 = Debug|Any CPU
		{A6C1CEC7-1E11-4387-BAD6-510C3D509D1A}.Release|Any CPU.ActiveCfg = Release|Any CPU
		{A6C1CEC7-1E11-4387-BAD6-510C3D509D1A}.Release|Any CPU.Build.0 = Release|Any CPU
	EndGlobalSection
	GlobalSection(SolutionProperties) = preSolution
		HideSolutionNode = FALSE
	EndGlobalSection
	GlobalSection(ExtensibilityGlobals) = postSolution
		SolutionGuid = {FE618DF6-036D-4CC0-A080-8FBCBED38717}
	EndGlobalSection
EndGlobal
